{
    "_readme": [
        "This file locks the dependencies of your project to a known state",
        "Read more about it at https://getcomposer.org/doc/01-basic-usage.md#installing-dependencies",
        "This file is @generated automatically"
    ],
    "content-hash": "adc8b1653c5147658b621102d6f0a53f",
    "packages": [
        {
            "name": "fastvolt/markdown",
            "version": "v0.2.4",
            "source": {
                "type": "git",
                "url": "https://github.com/fastvolt/markdown.git",
                "reference": "ded3261799d713efa6a685cd0d44344c021fd02c"
            },
            "dist": {
                "type": "zip",
                "url": "https://api.github.com/repos/fastvolt/markdown/zipball/ded3261799d713efa6a685cd0d44344c021fd02c",
                "reference": "ded3261799d713efa6a685cd0d44344c021fd02c",
                "shasum": ""
            },
            "require": {
                "ext-dom": "*",
                "ext-json": "*",
                "ext-libxml": "*",
                "ext-mbstring": "*",
                "ext-tokenizer": "*",
                "ext-xml": "*",
                "ext-xmlwriter": "*",
                "php": "^8.1"
            },
            "require-dev": {
                "friendsofphp/php-cs-fixer": "^3.38",
                "phpunit/phpunit": "^10.4"
            },
            "type": "library",
            "autoload": {
                "psr-4": {
                    "FastVolt\\Helper\\": "src/"
                }
            },
            "notification-url": "https://packagist.org/downloads/",
            "license": [
                "MIT"
            ],
            "authors": [
                {
                    "name": "Oladoyinbo Vincent",
                    "email": "oladoyinboadverts@gmail.com"
                }
            ],
            "description": "A Fast, Simple and Straight-forward Markdown to HTML Converter for PHP.",
            "keywords": [
                "markdown",
                "markdown-library",
                "markdown-parser",
                "markdown-to-html"
            ],
            "support": {
                "issues": "https://github.com/fastvolt/markdown/issues",
                "source": "https://github.com/fastvolt/markdown/tree/v0.2.4"
            },
            "time": "2025-06-26T22:24:22+00:00"
        }
    ],
    "packages-dev": [],
    "aliases": [],
    "minimum-stability": "stable",
    "stability-flags": {},
    "prefer-stable": false,
    "prefer-lowest": false,
    "platform": {},
    "platform-dev": {},
    "plugin-api-version": "2.6.0"
}
